
Microsoft Visual Studio Solution File, Format Version 12.00
Project("{2150E333-8FDC-42A3-9474-1A3956D46DE8}") = "Core", "Core", "{50F83740-3E2B-4732-A4DF-1255BE4958B3}"
EndProject
Project("{2150E333-8FDC-42A3-9474-1A3956D46DE8}") = "Presentation", "Presentation", "{94520FAA-1BD1-4CBF-8EA0-423889827907}"
EndProject
Project("{2150E333-8FDC-42A3-9474-1A3956D46DE8}") = "Infrastructure", "Infrastructure", "{2D1C2417-790D-4427-A1D9-82C5388B75F5}"
EndProject
Project("{FAE04EC0-301F-11D3-BF4B-00C04F79EFBC}") = "FonTech.Api", "FonTech.Api\FonTech.Api.csproj", "{AA4353B6-4063-47B9-8CDF-F34955A44953}"
EndProject
Project("{2150E333-8FDC-42A3-9474-1A3956D46DE8}") = "Solution Items", "Solution Items", "{35E35100-1764-485D-857C-F56465FA6009}"
	ProjectSection(SolutionItems) = preProject
		compose.yaml = compose.yaml
		prometheus.yml = prometheus.yml
	EndProjectSection
EndProject
Project("{FAE04EC0-301F-11D3-BF4B-00C04F79EFBC}") = "FonTech.Application", "FonTech.Application\FonTech.Application.csproj", "{BA4223AD-C38B-4AC0-95E4-CE21B86E82F3}"
EndProject
Project("{FAE04EC0-301F-11D3-BF4B-00C04F79EFBC}") = "FonTech.Domain", "FonTech.Domain\FonTech.Domain.csproj", "{D8CF67D4-EE9B-47EA-898D-9BBD9E7711F8}"
EndProject
Project("{FAE04EC0-301F-11D3-BF4B-00C04F79EFBC}") = "FonTech.DataAccess", "FonTech.DataAccess\FonTech.DataAccess.csproj", "{C0A1E1A3-E749-499E-A866-CBD9A8627FF6}"
EndProject
Project("{FAE04EC0-301F-11D3-BF4B-00C04F79EFBC}") = "FonTech.Producer", "FonTech.Producer\FonTech.Producer.csproj", "{D7571E3A-03F9-4830-BE5E-47752267CB14}"
EndProject
Project("{FAE04EC0-301F-11D3-BF4B-00C04F79EFBC}") = "FonTech.Consumer", "FonTech.Consumer\FonTech.Consumer.csproj", "{AB56D4FD-398A-494A-A2E0-8EC13AA620A2}"
EndProject
Project("{2150E333-8FDC-42A3-9474-1A3956D46DE8}") = "Test", "Test", "{D34B22E2-CF0A-4C0F-88E2-08D98CFDDF66}"
EndProject
Project("{FAE04EC0-301F-11D3-BF4B-00C04F79EFBC}") = "FonTech.Tests", "FonTech.Tests\FonTech.Tests.csproj", "{5E19FD2E-66A1-43D8-BBC4-D6ACA3D3FDCB}"
EndProject
Global
	GlobalSection(SolutionConfigurationPlatforms) = preSolution
		Debug|Any CPU = Debug|Any CPU
		Release|Any CPU = Release|Any CPU
	EndGlobalSection
	GlobalSection(NestedProjects) = preSolution
		{AA4353B6-4063-47B9-8CDF-F34955A44953} = {94520FAA-1BD1-4CBF-8EA0-423889827907}
		{BA4223AD-C38B-4AC0-95E4-CE21B86E82F3} = {50F83740-3E2B-4732-A4DF-1255BE4958B3}
		{D8CF67D4-EE9B-47EA-898D-9BBD9E7711F8} = {50F83740-3E2B-4732-A4DF-1255BE4958B3}
		{C0A1E1A3-E749-499E-A866-CBD9A8627FF6} = {2D1C2417-790D-4427-A1D9-82C5388B75F5}
		{D7571E3A-03F9-4830-BE5E-47752267CB14} = {2D1C2417-790D-4427-A1D9-82C5388B75F5}
		{AB56D4FD-398A-494A-A2E0-8EC13AA620A2} = {2D1C2417-790D-4427-A1D9-82C5388B75F5}
		{5E19FD2E-66A1-43D8-BBC4-D6ACA3D3FDCB} = {D34B22E2-CF0A-4C0F-88E2-08D98CFDDF66}
	EndGlobalSection
	GlobalSection(ProjectConfigurationPlatforms) = postSolution
		{AA4353B6-4063-47B9-8CDF-F34955A44953}.Debug|Any CPU.ActiveCfg = Debug|Any CPU
		{AA4353B6-4063-47B9-8CDF-F34955A44953}.Debug|Any CPU.Build.0 = Debug|Any CPU
		{AA4353B6-4063-47B9-8CDF-F34955A44953}.Release|Any CPU.ActiveCfg = Release|Any CPU
		{AA4353B6-4063-47B9-8CDF-F34955A44953}.Release|Any CPU.Build.0 = Release|Any CPU
		{BA4223AD-C38B-4AC0-95E4-CE21B86E82F3}.Debug|Any CPU.ActiveCfg = Debug|Any CPU
		{BA4223AD-C38B-4AC0-95E4-CE21B86E82F3}.Debug|Any CPU.Build.0 = Debug|Any CPU
		{BA4223AD-C38B-4AC0-95E4-CE21B86E82F3}.Release|Any CPU.ActiveCfg = Release|Any CPU
		{BA4223AD-C38B-4AC0-95E4-CE21B86E82F3}.Release|Any CPU.Build.0 = Release|Any CPU
		{D8CF67D4-EE9B-47EA-898D-9BBD9E7711F8}.Debug|Any CPU.ActiveCfg = Debug|Any CPU
		{D8CF67D4-EE9B-47EA-898D-9BBD9E7711F8}.Debug|Any CPU.Build.0 = Debug|Any CPU
		{D8CF67D4-EE9B-47EA-898D-9BBD9E7711F8}.Release|Any CPU.ActiveCfg = Release|Any CPU
		{D8CF67D4-EE9B-47EA-898D-9BBD9E7711F8}.Release|Any CPU.Build.0 = Release|Any CPU
		{C0A1E1A3-E749-499E-A866-CBD9A8627FF6}.Debug|Any CPU.ActiveCfg = Debug|Any CPU
		{C0A1E1A3-E749-499E-A866-CBD9A8627FF6}.Debug|Any CPU.Build.0 = Debug|Any CPU
		{C0A1E1A3-E749-499E-A866-CBD9A8627FF6}.Release|Any CPU.ActiveCfg = Release|Any CPU
		{C0A1E1A3-E749-499E-A866-CBD9A8627FF6}.Release|Any CPU.Build.0 = Release|Any CPU
		{D7571E3A-03F9-4830-BE5E-47752267CB14}.Debug|Any CPU.ActiveCfg = Debug|Any CPU
		{D7571E3A-03F9-4830-BE5E-47752267CB14}.Debug|Any CPU.Build.0 = Debug|Any CPU
		{D7571E3A-03F9-4830-BE5E-47752267CB14}.Release|Any CPU.ActiveCfg = Release|Any CPU
		{D7571E3A-03F9-4830-BE5E-47752267CB14}.Release|Any CPU.Build.0 = Release|Any CPU
		{AB56D4FD-398A-494A-A2E0-8EC13AA620A2}.Debug|Any CPU.ActiveCfg = Debug|Any CPU
		{AB56D4FD-398A-494A-A2E0-8EC13AA620A2}.Debug|Any CPU.Build.0 = Debug|Any CPU
		{AB56D4FD-398A-494A-A2E0-8EC13AA620A2}.Release|Any CPU.ActiveCfg = Release|Any CPU
		{AB56D4FD-398A-494A-A2E0-8EC13AA620A2}.Release|Any CPU.Build.0 = Release|Any CPU
		{5E19FD2E-66A1-43D8-BBC4-D6ACA3D3FDCB}.Debug|Any CPU.ActiveCfg = Debug|Any CPU
		{5E19FD2E-66A1-43D8-BBC4-D6ACA3D3FDCB}.Debug|Any CPU.Build.0 = Debug|Any CPU
		{5E19FD2E-66A1-43D8-BBC4-D6ACA3D3FDCB}.Release|Any CPU.ActiveCfg = Release|Any CPU
		{5E19FD2E-66A1-43D8-BBC4-D6ACA3D3FDCB}.Release|Any CPU.Build.0 = Release|Any CPU
	EndGlobalSection
EndGlobal
